
Microsoft Visual Studio Solution File, Format Version 12.00
# Visual Studio Version 16
VisualStudioVersion = 16.0.32002.261
MinimumVisualStudioVersion = 10.0.40219.1
Project("{FAE04EC0-301F-11D3-BF4B-00C04F79EFBC}") = "ASP_First_Empty", "ASP_First_Empty.csproj", "{76C3F975-3C53-4E26-A3D9-B21020DDB416}"
EndProject
Global
	GlobalSection(SolutionConfigurationPlatforms) = preSolution
		Debug|Any CPU = Debug|Any CPU
		Release|Any CPU = Release|Any CPU
	EndGlobalSection
	GlobalSection(ProjectConfigurationPlatforms) = postSolution
		{76C3F975-3C53-4E26-A3D9-B21020DDB416}.Debug|Any CPU.ActiveCfg = Debug|Any CPU
		{76C3F975-3C53-4E26-A3D9-B21020DDB416}.Debug|Any CPU.Build.0 = Debug|Any CPU
		{76C3F975-3C53-4E26-A3D9-B21020DDB416}.Release|Any CPU.ActiveCfg = Release|Any CPU
		{76C3F975-3C53-4E26-A3D9-B21020DDB416}.Release|Any CPU.Build.0 = Release|Any CPU
	EndGlobalSection
	GlobalSection(SolutionProperties) = preSolution
		HideSolutionNode = FALSE
	EndGlobalSection
	GlobalSection(ExtensibilityGlobals) = postSolution
		SolutionGuid = {5827F9CF-E02D-459B-8B99-F2E32F3F3A6E}
	EndGlobalSection
EndGlobal
