
Microsoft Visual Studio Solution File, Format Version 12.00
# Visual Studio Version 16
VisualStudioVersion = 16.0.31515.178
MinimumVisualStudioVersion = 10.0.40219.1
Project("{FAE04EC0-301F-11D3-BF4B-00C04F79EFBC}") = "Day2", "Day2\Day2.csproj", "{935AA942-75EE-4456-97BE-88F9A79B4468}"
EndProject
Global
	GlobalSection(SolutionConfigurationPlatforms) = preSolution
		Debug|Any CPU = Debug|Any CPU
		Release|Any CPU = Release|Any CPU
	EndGlobalSection
	GlobalSection(ProjectConfigurationPlatforms) = postSolution
		{935AA942-75EE-4456-97BE-88F9A79B4468}.Debug|Any CPU.ActiveCfg = Debug|Any CPU
		{935AA942-75EE-4456-97BE-88F9A79B4468}.Debug|Any CPU.Build.0 = Debug|Any CPU
		{935AA942-75EE-4456-97BE-88F9A79B4468}.Release|Any CPU.ActiveCfg = Release|Any CPU
		{935AA942-75EE-4456-97BE-88F9A79B4468}.Release|Any CPU.Build.0 = Release|Any CPU
	EndGlobalSection
	GlobalSection(SolutionProperties) = preSolution
		HideSolutionNode = FALSE
	EndGlobalSection
	GlobalSection(ExtensibilityGlobals) = postSolution
		SolutionGuid = {60D327AF-BB56-4C26-ABAD-16315884600F}
	EndGlobalSection
EndGlobal
